
Microsoft Visual Studio Solution File, Format Version 12.00
# Visual Studio 15
VisualStudioVersion = 15.0.26124.0
MinimumVisualStudioVersion = 15.0.26124.0
Project("{FAE04EC0-301F-11D3-BF4B-00C04F79EFBC}") = "API", "API\API.csproj", "{CBAEF380-3D02-472F-A873-6833B9DF3456}"
EndProject
Project("{FAE04EC0-301F-11D3-BF4B-00C04F79EFBC}") = "Core", "Core\Core.csproj", "{73F4919B-55A7-4A03-905A-7A650A96D45D}"
EndProject
Project("{FAE04EC0-301F-11D3-BF4B-00C04F79EFBC}") = "Infrastructure", "Infrastructure\Infrastructure.csproj", "{E16FA279-7835-4C6C-AFAB-BF06991B22E2}"
EndProject
Global
	GlobalSection(SolutionConfigurationPlatforms) = preSolution
		Debug|Any CPU = Debug|Any CPU
		Debug|x64 = Debug|x64
		Debug|x86 = Debug|x86
		Release|Any CPU = Release|Any CPU
		Release|x64 = Release|x64
		Release|x86 = Release|x86
	EndGlobalSection
	GlobalSection(SolutionProperties) = preSolution
		HideSolutionNode = FALSE
	EndGlobalSection
	GlobalSection(ProjectConfigurationPlatforms) = postSolution
		{CBAEF380-3D02-472F-A873-6833B9DF3456}.Debug|Any CPU.ActiveCfg = Debug|Any CPU
		{CBAEF380-3D02-472F-A873-6833B9DF3456}.Debug|Any CPU.Build.0 = Debug|Any CPU
		{CBAEF380-3D02-472F-A873-6833B9DF3456}.Debug|x64.ActiveCfg = Debug|Any CPU
		{CBAEF380-3D02-472F-A873-6833B9DF3456}.Debug|x64.Build.0 = Debug|Any CPU
		{CBAEF380-3D02-472F-A873-6833B9DF3456}.Debug|x86.ActiveCfg = Debug|Any CPU
		{CBAEF380-3D02-472F-A873-6833B9DF3456}.Debug|x86.Build.0 = Debug|Any CPU
		{CBAEF380-3D02-472F-A873-6833B9DF3456}.Release|Any CPU.ActiveCfg = Release|Any CPU
		{CBAEF380-3D02-472F-A873-6833B9DF3456}.Release|Any CPU.Build.0 = Release|Any CPU
		{CBAEF380-3D02-472F-A873-6833B9DF3456}.Release|x64.ActiveCfg = Release|Any CPU
		{CBAEF380-3D02-472F-A873-6833B9DF3456}.Release|x64.Build.0 = Release|Any CPU
		{CBAEF380-3D02-472F-A873-6833B9DF3456}.Release|x86.ActiveCfg = Release|Any CPU
		{CBAEF380-3D02-472F-A873-6833B9DF3456}.Release|x86.Build.0 = Release|Any CPU
		{73F4919B-55A7-4A03-905A-7A650A96D45D}.Debug|Any CPU.ActiveCfg = Debug|Any CPU
		{73F4919B-55A7-4A03-905A-7A650A96D45D}.Debug|Any CPU.Build.0 = Debug|Any CPU
		{73F4919B-55A7-4A03-905A-7A650A96D45D}.Debug|x64.ActiveCfg = Debug|Any CPU
		{73F4919B-55A7-4A03-905A-7A650A96D45D}.Debug|x64.Build.0 = Debug|Any CPU
		{73F4919B-55A7-4A03-905A-7A650A96D45D}.Debug|x86.ActiveCfg = Debug|Any CPU
		{73F4919B-55A7-4A03-905A-7A650A96D45D}.Debug|x86.Build.0 = Debug|Any CPU
		{73F4919B-55A7-4A03-905A-7A650A96D45D}.Release|Any CPU.ActiveCfg = Release|Any CPU
		{73F4919B-55A7-4A03-905A-7A650A96D45D}.Release|Any CPU.Build.0 = Release|Any CPU
		{73F4919B-55A7-4A03-905A-7A650A96D45D}.Release|x64.ActiveCfg = Release|Any CPU
		{73F4919B-55A7-4A03-905A-7A650A96D45D}.Release|x64.Build.0 = Release|Any CPU
		{73F4919B-55A7-4A03-905A-7A650A96D45D}.Release|x86.ActiveCfg = Release|Any CPU
		{73F4919B-55A7-4A03-905A-7A650A96D45D}.Release|x86.Build.0 = Release|Any CPU
		{E16FA279-7835-4C6C-AFAB-BF06991B22E2}.Debug|Any CPU.ActiveCfg = Debug|Any CPU
		{E16FA279-7835-4C6C-AFAB-BF06991B22E2}.Debug|Any CPU.Build.0 = Debug|Any CPU
		{E16FA279-7835-4C6C-AFAB-BF06991B22E2}.Debug|x64.ActiveCfg = Debug|Any CPU
		{E16FA279-7835-4C6C-AFAB-BF06991B22E2}.Debug|x64.Build.0 = Debug|Any CPU
		{E16FA279-7835-4C6C-AFAB-BF06991B22E2}.Debug|x86.ActiveCfg = Debug|Any CPU
		{E16FA279-7835-4C6C-AFAB-BF06991B22E2}.Debug|x86.Build.0 = Debug|Any CPU
		{E16FA279-7835-4C6C-AFAB-BF06991B22E2}.Release|Any CPU.ActiveCfg = Release|Any CPU
		{E16FA279-7835-4C6C-AFAB-BF06991B22E2}.Release|Any CPU.Build.0 = Release|Any CPU
		{E16FA279-7835-4C6C-AFAB-BF06991B22E2}.Release|x64.ActiveCfg = Release|Any CPU
		{E16FA279-7835-4C6C-AFAB-BF06991B22E2}.Release|x64.Build.0 = Release|Any CPU
		{E16FA279-7835-4C6C-AFAB-BF06991B22E2}.Release|x86.ActiveCfg = Release|Any CPU
		{E16FA279-7835-4C6C-AFAB-BF06991B22E2}.Release|x86.Build.0 = Release|Any CPU
	EndGlobalSection
EndGlobal
